
Microsoft Visual Studio Solution File, Format Version 12.00
# Visual Studio Version 17
VisualStudioVersion = 17.14.36109.1 d17.14
MinimumVisualStudioVersion = 10.0.40219.1
Project("{FAE04EC0-301F-11D3-BF4B-00C04F79EFBC}") = "Tournament.Api", "Tournament.Api\Tournament.Api.csproj", "{816E5336-072E-40BE-98BE-6DD6F13ACE2C}"
EndProject
Project("{2150E333-8FDC-42A3-9474-1A3956D46DE8}") = "src", "src", "{02EA681E-C7D8-13C7-8484-4AC65E1B71E8}"
EndProject
Project("{FAE04EC0-301F-11D3-BF4B-00C04F79EFBC}") = "Tournament.Core", "Tournament.Core\Tournament.Core.csproj", "{11747407-AD52-412F-971E-7FAD48CFDA92}"
EndProject
Project("{FAE04EC0-301F-11D3-BF4B-00C04F79EFBC}") = "Tournament.Data", "Tournament.Data\Tournament.Data.csproj", "{A85ACF06-7528-4BCB-81B0-5552A029A173}"
EndProject
Global
	GlobalSection(SolutionConfigurationPlatforms) = preSolution
		Debug|Any CPU = Debug|Any CPU
		Release|Any CPU = Release|Any CPU
	EndGlobalSection
	GlobalSection(ProjectConfigurationPlatforms) = postSolution
		{816E5336-072E-40BE-98BE-6DD6F13ACE2C}.Debug|Any CPU.ActiveCfg = Debug|Any CPU
		{816E5336-072E-40BE-98BE-6DD6F13ACE2C}.Debug|Any CPU.Build.0 = Debug|Any CPU
		{816E5336-072E-40BE-98BE-6DD6F13ACE2C}.Release|Any CPU.ActiveCfg = Release|Any CPU
		{816E5336-072E-40BE-98BE-6DD6F13ACE2C}.Release|Any CPU.Build.0 = Release|Any CPU
		{11747407-AD52-412F-971E-7FAD48CFDA92}.Debug|Any CPU.ActiveCfg = Debug|Any CPU
		{11747407-AD52-412F-971E-7FAD48CFDA92}.Debug|Any CPU.Build.0 = Debug|Any CPU
		{11747407-AD52-412F-971E-7FAD48CFDA92}.Release|Any CPU.ActiveCfg = Release|Any CPU
		{11747407-AD52-412F-971E-7FAD48CFDA92}.Release|Any CPU.Build.0 = Release|Any CPU
		{A85ACF06-7528-4BCB-81B0-5552A029A173}.Debug|Any CPU.ActiveCfg = Debug|Any CPU
		{A85ACF06-7528-4BCB-81B0-5552A029A173}.Debug|Any CPU.Build.0 = Debug|Any CPU
		{A85ACF06-7528-4BCB-81B0-5552A029A173}.Release|Any CPU.ActiveCfg = Release|Any CPU
		{A85ACF06-7528-4BCB-81B0-5552A029A173}.Release|Any CPU.Build.0 = Release|Any CPU
	EndGlobalSection
	GlobalSection(SolutionProperties) = preSolution
		HideSolutionNode = FALSE
	EndGlobalSection
	GlobalSection(NestedProjects) = preSolution
		{816E5336-072E-40BE-98BE-6DD6F13ACE2C} = {02EA681E-C7D8-13C7-8484-4AC65E1B71E8}
		{11747407-AD52-412F-971E-7FAD48CFDA92} = {02EA681E-C7D8-13C7-8484-4AC65E1B71E8}
		{A85ACF06-7528-4BCB-81B0-5552A029A173} = {02EA681E-C7D8-13C7-8484-4AC65E1B71E8}
	EndGlobalSection
	GlobalSection(ExtensibilityGlobals) = postSolution
		SolutionGuid = {86178D19-5F23-4476-AE52-D8D55BFAF710}
	EndGlobalSection
EndGlobal
